
Microsoft Visual Studio Solution File, Format Version 12.00
# Visual Studio Version 16
VisualStudioVersion = 16.0.31911.196
MinimumVisualStudioVersion = 10.0.40219.1
Project("{9A19103F-16F7-4668-BE54-9A1E7A4F7556}") = "Consumer", "Consumer\Consumer.csproj", "{0BC7B76E-8D88-4584-9FE7-8D6ABEA0918E}"
EndProject
Project("{9A19103F-16F7-4668-BE54-9A1E7A4F7556}") = "Producer", "Producer\Producer.csproj", "{3918DA6A-ADB2-4FC1-9ED6-275928329C40}"
EndProject
Global
	GlobalSection(SolutionConfigurationPlatforms) = preSolution
		Debug|Any CPU = Debug|Any CPU
		Release|Any CPU = Release|Any CPU
	EndGlobalSection
	GlobalSection(ProjectConfigurationPlatforms) = postSolution
		{0BC7B76E-8D88-4584-9FE7-8D6ABEA0918E}.Debug|Any CPU.ActiveCfg = Debug|Any CPU
		{0BC7B76E-8D88-4584-9FE7-8D6ABEA0918E}.Debug|Any CPU.Build.0 = Debug|Any CPU
		{0BC7B76E-8D88-4584-9FE7-8D6ABEA0918E}.Release|Any CPU.ActiveCfg = Release|Any CPU
		{0BC7B76E-8D88-4584-9FE7-8D6ABEA0918E}.Release|Any CPU.Build.0 = Release|Any CPU
		{3918DA6A-ADB2-4FC1-9ED6-275928329C40}.Debug|Any CPU.ActiveCfg = Debug|Any CPU
		{3918DA6A-ADB2-4FC1-9ED6-275928329C40}.Debug|Any CPU.Build.0 = Debug|Any CPU
		{3918DA6A-ADB2-4FC1-9ED6-275928329C40}.Release|Any CPU.ActiveCfg = Release|Any CPU
		{3918DA6A-ADB2-4FC1-9ED6-275928329C40}.Release|Any CPU.Build.0 = Release|Any CPU
	EndGlobalSection
	GlobalSection(SolutionProperties) = preSolution
		HideSolutionNode = FALSE
	EndGlobalSection
	GlobalSection(ExtensibilityGlobals) = postSolution
		SolutionGuid = {59742259-A2D7-4D8E-828B-563E6CB4E40B}
	EndGlobalSection
EndGlobal
